schema: '2.0'
stages:
  scrape:
    cmd: python src/scraper.py
    params:
      params.yaml:
        scraper:
          group_id: -1002295143066
          batch_size: 200
          media_types:
          - photo
          - video
          - video_note
          incremental: true
    outs:
    - path: raw/invite_links
      hash: md5
      md5: d751713988987e9331980363e24189ce.dir
      size: 0
      nfiles: 0
    - path: raw/media
      hash: md5
      md5: fd49a754e489da055498852dc61cb71a.dir
      size: 88411752
      nfiles: 320
    - path: raw/members
      hash: md5
      md5: 02be7b8fef8f857f649071cad96a3a7c.dir
      size: 6659967
      nfiles: 1
    - path: raw/messages
      hash: md5
      md5: 8b105ea1b13b9a22d2d8febb29d1372e.dir
      size: 863297
      nfiles: 226
  analyze_store_status:
    cmd: python src/analyze_store_status.py
    deps:
    - path: raw/media
      hash: md5
      md5: fd49a754e489da055498852dc61cb71a.dir
      size: 88411752
      nfiles: 320
    - path: raw/messages
      hash: md5
      md5: 8b105ea1b13b9a22d2d8febb29d1372e.dir
      size: 863297
      nfiles: 226
    - path: src/analyze_store_status.py
      hash: md5
      md5: 9759756d9b928995ee793f7209de1bed
      size: 24442
    outs:
    - path: processed/store_status
      hash: md5
      md5: 8f7ffb6b63be61daec37c7c61f118116.dir
      size: 229661
      nfiles: 5
  prepare_web_data:
    cmd: python src/prepare_web_data.py
    deps:
    - path: processed/store_status/daily_status.jsonl
      hash: md5
      md5: 9f932644d49e651ce8937ba4734aa41f
      size: 123697
    - path: processed/store_status/user_attributions.json
      hash: md5
      md5: e8d58e28d52977dd90f6c7c5e7988132
      size: 20272
    - path: raw/members
      hash: md5
      md5: 02be7b8fef8f857f649071cad96a3a7c.dir
      size: 6659967
      nfiles: 1
    - path: raw/messages
      hash: md5
      md5: 8b105ea1b13b9a22d2d8febb29d1372e.dir
      size: 863297
      nfiles: 226
    - path: src/prepare_web_data.py
      hash: md5
      md5: 11d1bc61c9afed348aeac82d6d1088a3
      size: 26917
    outs:
    - path: processed/web_data
      hash: md5
      md5: 3e5b4936732fe7cf0401ff616af5b908.dir
      size: 490687
      nfiles: 24
