schema: '2.0'
stages:
  scrape:
    cmd: python src/scraper.py
    params:
      params.yaml:
        scraper:
          group_id: -1002295143066
          batch_size: 200
          media_types:
          - photo
          - video
          - video_note
          incremental: true
    outs:
    - path: raw/invite_links
      hash: md5
      md5: d751713988987e9331980363e24189ce.dir
      size: 0
      nfiles: 0
    - path: raw/media
      hash: md5
      md5: e6d754db5b12dd4440c6120a8cc00ee3.dir
      size: 71870203
      nfiles: 253
    - path: raw/members
      hash: md5
      md5: b32523769221f4fd455424b1580a7646.dir
      size: 1372693
      nfiles: 1
    - path: raw/messages
      hash: md5
      md5: 6f57db0f8ba4d4dad07b7e6c7d5fc0db.dir
      size: 718238
      nfiles: 203
  analyze_store_status:
    cmd: python src/analyze_store_status.py
    deps:
    - path: raw/media
      hash: md5
      md5: e6d754db5b12dd4440c6120a8cc00ee3.dir
      size: 71870203
      nfiles: 253
    - path: raw/messages
      hash: md5
      md5: 6f57db0f8ba4d4dad07b7e6c7d5fc0db.dir
      size: 718238
      nfiles: 203
    - path: src/analyze_store_status.py
      hash: md5
      md5: 9759756d9b928995ee793f7209de1bed
      size: 24442
    outs:
    - path: processed/store_status
      hash: md5
      md5: d3d65e57dcd245121f22033652fb01e9.dir
      size: 166366
      nfiles: 5
  prepare_web_data:
    cmd: python src/prepare_web_data.py
    deps:
    - path: processed/store_status/daily_status.jsonl
      hash: md5
      md5: a73611aedb840b0901f49247c8b165ed
      size: 91792
    - path: processed/store_status/user_attributions.json
      hash: md5
      md5: dc683c4394104cc5597810cc4aa80aae
      size: 15712
    - path: raw/members
      hash: md5
      md5: b32523769221f4fd455424b1580a7646.dir
      size: 1372693
      nfiles: 1
    - path: raw/messages
      hash: md5
      md5: 6f57db0f8ba4d4dad07b7e6c7d5fc0db.dir
      size: 718238
      nfiles: 203
    - path: src/prepare_web_data.py
      hash: md5
      md5: 11d1bc61c9afed348aeac82d6d1088a3
      size: 26917
    outs:
    - path: processed/web_data
      hash: md5
      md5: 283806dcd8dd3fdd099a9a87d1514c56.dir
      size: 413160
      nfiles: 23
